
Microsoft Visual Studio Solution File, Format Version 12.00
# Visual Studio Version 16
VisualStudioVersion = 25.0.1703.3
MinimumVisualStudioVersion = 10.0.40219.1
Project("{FAE04EC0-301F-11D3-BF4B-00C04F79EFBC}") = "UserRegistrationTask", "UserRegistrationTask.csproj", "{9E6A0DF0-A97D-471C-8B6B-130E662B092A}"
EndProject
Global
	GlobalSection(SolutionConfigurationPlatforms) = preSolution
		Debug|Any CPU = Debug|Any CPU
		Release|Any CPU = Release|Any CPU
	EndGlobalSection
	GlobalSection(ProjectConfigurationPlatforms) = postSolution
		{9E6A0DF0-A97D-471C-8B6B-130E662B092A}.Debug|Any CPU.ActiveCfg = Debug|Any CPU
		{9E6A0DF0-A97D-471C-8B6B-130E662B092A}.Debug|Any CPU.Build.0 = Debug|Any CPU
		{9E6A0DF0-A97D-471C-8B6B-130E662B092A}.Release|Any CPU.ActiveCfg = Release|Any CPU
		{9E6A0DF0-A97D-471C-8B6B-130E662B092A}.Release|Any CPU.Build.0 = Release|Any CPU
	EndGlobalSection
	GlobalSection(SolutionProperties) = preSolution
		HideSolutionNode = FALSE
	EndGlobalSection
	GlobalSection(ExtensibilityGlobals) = postSolution
		SolutionGuid = {70A8F3D0-B055-4379-9DFD-6202897FA843}
	EndGlobalSection
EndGlobal
